
Microsoft Visual Studio Solution File, Format Version 12.00
# Visual Studio 15
VisualStudioVersion = 15.0.28307.902
MinimumVisualStudioVersion = 10.0.40219.1
Project("{FAE04EC0-301F-11D3-BF4B-00C04F79EFBC}") = "Method4", "Method4\Method4.csproj", "{AB2414CF-37CB-40C4-974A-DA5DF2CF3E93}"
EndProject
Global
	GlobalSection(SolutionConfigurationPlatforms) = preSolution
		Debug|Any CPU = Debug|Any CPU
		Release|Any CPU = Release|Any CPU
	EndGlobalSection
	GlobalSection(ProjectConfigurationPlatforms) = postSolution
		{AB2414CF-37CB-40C4-974A-DA5DF2CF3E93}.Debug|Any CPU.ActiveCfg = Debug|Any CPU
		{AB2414CF-37CB-40C4-974A-DA5DF2CF3E93}.Debug|Any CPU.Build.0 = Debug|Any CPU
		{AB2414CF-37CB-40C4-974A-DA5DF2CF3E93}.Release|Any CPU.ActiveCfg = Release|Any CPU
		{AB2414CF-37CB-40C4-974A-DA5DF2CF3E93}.Release|Any CPU.Build.0 = Release|Any CPU
	EndGlobalSection
	GlobalSection(SolutionProperties) = preSolution
		HideSolutionNode = FALSE
	EndGlobalSection
	GlobalSection(ExtensibilityGlobals) = postSolution
		SolutionGuid = {8D98FD9F-BC90-4931-97E2-DA0D3F1416D1}
	EndGlobalSection
EndGlobal
